
Microsoft Visual Studio Solution File, Format Version 12.00
# Visual Studio 2013
VisualStudioVersion = 12.0.21005.1
MinimumVisualStudioVersion = 10.0.40219.1
Project("{FAE04EC0-301F-11D3-BF4B-00C04F79EFBC}") = "Cursach", "Cursach\Cursach.csproj", "{2D19AD11-794A-461C-B297-8D44615522FD}"
EndProject
Global
	GlobalSection(SolutionConfigurationPlatforms) = preSolution
		Debug|Any CPU = Debug|Any CPU
		Release|Any CPU = Release|Any CPU
	EndGlobalSection
	GlobalSection(ProjectConfigurationPlatforms) = postSolution
		{2D19AD11-794A-461C-B297-8D44615522FD}.Debug|Any CPU.ActiveCfg = Debug|Any CPU
		{2D19AD11-794A-461C-B297-8D44615522FD}.Debug|Any CPU.Build.0 = Debug|Any CPU
		{2D19AD11-794A-461C-B297-8D44615522FD}.Release|Any CPU.ActiveCfg = Release|Any CPU
		{2D19AD11-794A-461C-B297-8D44615522FD}.Release|Any CPU.Build.0 = Release|Any CPU
	EndGlobalSection
	GlobalSection(SolutionProperties) = preSolution
		HideSolutionNode = FALSE
	EndGlobalSection
EndGlobal
